
Microsoft Visual Studio Solution File, Format Version 12.00
# Visual Studio Version 16
VisualStudioVersion = 16.0.30804.86
MinimumVisualStudioVersion = 10.0.40219.1
Project("{FAE04EC0-301F-11D3-BF4B-00C04F79EFBC}") = "comm.api", "..\comm.api\comm.api.csproj", "{063B8F48-47DE-44E3-8DAE-119045E92284}"
EndProject
Project("{FAE04EC0-301F-11D3-BF4B-00C04F79EFBC}") = "user.api", "..\user.api\user.api.csproj", "{BF12DE71-CB1A-44FD-87DE-3F2D25A67760}"
EndProject
Global
	GlobalSection(SolutionConfigurationPlatforms) = preSolution
		Debug|Any CPU = Debug|Any CPU
		Release|Any CPU = Release|Any CPU
	EndGlobalSection
	GlobalSection(ProjectConfigurationPlatforms) = postSolution
		{063B8F48-47DE-44E3-8DAE-119045E92284}.Debug|Any CPU.ActiveCfg = Debug|Any CPU
		{063B8F48-47DE-44E3-8DAE-119045E92284}.Debug|Any CPU.Build.0 = Debug|Any CPU
		{063B8F48-47DE-44E3-8DAE-119045E92284}.Release|Any CPU.ActiveCfg = Release|Any CPU
		{063B8F48-47DE-44E3-8DAE-119045E92284}.Release|Any CPU.Build.0 = Release|Any CPU
		{BF12DE71-CB1A-44FD-87DE-3F2D25A67760}.Debug|Any CPU.ActiveCfg = Debug|Any CPU
		{BF12DE71-CB1A-44FD-87DE-3F2D25A67760}.Debug|Any CPU.Build.0 = Debug|Any CPU
		{BF12DE71-CB1A-44FD-87DE-3F2D25A67760}.Release|Any CPU.ActiveCfg = Release|Any CPU
		{BF12DE71-CB1A-44FD-87DE-3F2D25A67760}.Release|Any CPU.Build.0 = Release|Any CPU
	EndGlobalSection
	GlobalSection(SolutionProperties) = preSolution
		HideSolutionNode = FALSE
	EndGlobalSection
	GlobalSection(ExtensibilityGlobals) = postSolution
		SolutionGuid = {6CCAECA0-2DA0-49B5-835D-C2A00BBE49B8}
	EndGlobalSection
EndGlobal
